// !$*UTF8*$!
{
	archiveVersion = 1;
	classes = {
	};
	objectVersion = 55;
	objects = {

/* Begin PBXBuildFile section */
		0A0298CE28863AA000C1D600 /* HomeVM.swift in Sources */ = {isa = PBXBuildFile; fileRef = 0A0298CD28863AA000C1D600 /* HomeVM.swift */; };
		0A4C7490288A7D6E0012FC73 /* CustomTabSwitcher.swift in Sources */ = {isa = PBXBuildFile; fileRef = 0A4C748F288A7D6E0012FC73 /* CustomTabSwitcher.swift */; };
		0A4C7493288AE4800012FC73 /* MoreLikeThis.swift in Sources */ = {isa = PBXBuildFile; fileRef = 0A4C7492288AE4800012FC73 /* MoreLikeThis.swift */; };
		0A54536A28855A6700404182 /* Netflix_cloneApp.swift in Sources */ = {isa = PBXBuildFile; fileRef = 0A54536928855A6700404182 /* Netflix_cloneApp.swift */; };
		0A54536C28855A6700404182 /* ContentView.swift in Sources */ = {isa = PBXBuildFile; fileRef = 0A54536B28855A6700404182 /* ContentView.swift */; };
		0A54536E28855A6800404182 /* Assets.xcassets in Resources */ = {isa = PBXBuildFile; fileRef = 0A54536D28855A6800404182 /* Assets.xcassets */; };
		0A54537128855A6800404182 /* Preview Assets.xcassets in Resources */ = {isa = PBXBuildFile; fileRef = 0A54537028855A6800404182 /* Preview Assets.xcassets */; };
		0A54537928855AF200404182 /* HomeView.swift in Sources */ = {isa = PBXBuildFile; fileRef = 0A54537828855AF200404182 /* HomeView.swift */; };
		0A54537C28855DE800404182 /* Kingfisher in Frameworks */ = {isa = PBXBuildFile; productRef = 0A54537B28855DE800404182 /* Kingfisher */; };
		0A54537E28858AB500404182 /* Movie.swift in Sources */ = {isa = PBXBuildFile; fileRef = 0A54537D28858AB500404182 /* Movie.swift */; };
		0A54538028858B0B00404182 /* StandardHomeMovie.swift in Sources */ = {isa = PBXBuildFile; fileRef = 0A54537F28858B0B00404182 /* StandardHomeMovie.swift */; };
		0A54538228858BA600404182 /* GlobalHelpers.swift in Sources */ = {isa = PBXBuildFile; fileRef = 0A54538128858BA600404182 /* GlobalHelpers.swift */; };
		0A7B83022887E2AA001C7285 /* TopMoviePreview.swift in Sources */ = {isa = PBXBuildFile; fileRef = 0A7B83012887E2AA001C7285 /* TopMoviePreview.swift */; };
		0A7B83042887EC7B001C7285 /* SmallVerticalButton.swift in Sources */ = {isa = PBXBuildFile; fileRef = 0A7B83032887EC7B001C7285 /* SmallVerticalButton.swift */; };
		0A7B83062887F7C0001C7285 /* PlayButton.swift in Sources */ = {isa = PBXBuildFile; fileRef = 0A7B83052887F7C0001C7285 /* PlayButton.swift */; };
		0AABDAB7288919BC0058D143 /* Episode.swift in Sources */ = {isa = PBXBuildFile; fileRef = 0AABDAB6288919BC0058D143 /* Episode.swift */; };
		0AABDAB928892B220058D143 /* MovieDetail.swift in Sources */ = {isa = PBXBuildFile; fileRef = 0AABDAB828892B220058D143 /* MovieDetail.swift */; };
		0AB7CEDA2898059C00B2FEF2 /* Trailer.swift in Sources */ = {isa = PBXBuildFile; fileRef = 0AB7CED92898059C00B2FEF2 /* Trailer.swift */; };
		0AB7CEDC289805F000B2FEF2 /* SwiftUIVideoView.swift in Sources */ = {isa = PBXBuildFile; fileRef = 0AB7CEDB289805F000B2FEF2 /* SwiftUIVideoView.swift */; };
		0AB7CEDF289808DC00B2FEF2 /* VideoPreivewImage.swift in Sources */ = {isa = PBXBuildFile; fileRef = 0AB7CEDE289808DC00B2FEF2 /* VideoPreivewImage.swift */; };
		0AB7CEE328980D9F00B2FEF2 /* TrailerList.swift in Sources */ = {isa = PBXBuildFile; fileRef = 0AB7CEE228980D9F00B2FEF2 /* TrailerList.swift */; };
/* End PBXBuildFile section */

/* Begin PBXFileReference section */
		0A0298CD28863AA000C1D600 /* HomeVM.swift */ = {isa = PBXFileReference; lastKnownFileType = sourcecode.swift; path = HomeVM.swift; sourceTree = "<group>"; };
		0A4C748F288A7D6E0012FC73 /* CustomTabSwitcher.swift */ = {isa = PBXFileReference; lastKnownFileType = sourcecode.swift; path = CustomTabSwitcher.swift; sourceTree = "<group>"; };
		0A4C7492288AE4800012FC73 /* MoreLikeThis.swift */ = {isa = PBXFileReference; lastKnownFileType = sourcecode.swift; path = MoreLikeThis.swift; sourceTree = "<group>"; };
		0A54536628855A6700404182 /* Netflix-clone.app */ = {isa = PBXFileReference; explicitFileType = wrapper.application; includeInIndex = 0; path = "Netflix-clone.app"; sourceTree = BUILT_PRODUCTS_DIR; };
		0A54536928855A6700404182 /* Netflix_cloneApp.swift */ = {isa = PBXFileReference; lastKnownFileType = sourcecode.swift; path = Netflix_cloneApp.swift; sourceTree = "<group>"; };
		0A54536B28855A6700404182 /* ContentView.swift */ = {isa = PBXFileReference; lastKnownFileType = sourcecode.swift; path = ContentView.swift; sourceTree = "<group>"; };
		0A54536D28855A6800404182 /* Assets.xcassets */ = {isa = PBXFileReference; lastKnownFileType = folder.assetcatalog; path = Assets.xcassets; sourceTree = "<group>"; };
		0A54537028855A6800404182 /* Preview Assets.xcassets */ = {isa = PBXFileReference; lastKnownFileType = folder.assetcatalog; path = "Preview Assets.xcassets"; sourceTree = "<group>"; };
		0A54537828855AF200404182 /* HomeView.swift */ = {isa = PBXFileReference; lastKnownFileType = sourcecode.swift; path = HomeView.swift; sourceTree = "<group>"; };
		0A54537D28858AB500404182 /* Movie.swift */ = {isa = PBXFileReference; lastKnownFileType = sourcecode.swift; path = Movie.swift; sourceTree = "<group>"; };
		0A54537F28858B0B00404182 /* StandardHomeMovie.swift */ = {isa = PBXFileReference; lastKnownFileType = sourcecode.swift; path = StandardHomeMovie.swift; sourceTree = "<group>"; };
		0A54538128858BA600404182 /* GlobalHelpers.swift */ = {isa = PBXFileReference; lastKnownFileType = sourcecode.swift; path = GlobalHelpers.swift; sourceTree = "<group>"; };
		0A7B83012887E2AA001C7285 /* TopMoviePreview.swift */ = {isa = PBXFileReference; lastKnownFileType = sourcecode.swift; path = TopMoviePreview.swift; sourceTree = "<group>"; };
		0A7B83032887EC7B001C7285 /* SmallVerticalButton.swift */ = {isa = PBXFileReference; lastKnownFileType = sourcecode.swift; path = SmallVerticalButton.swift; sourceTree = "<group>"; };
		0A7B83052887F7C0001C7285 /* PlayButton.swift */ = {isa = PBXFileReference; lastKnownFileType = sourcecode.swift; path = PlayButton.swift; sourceTree = "<group>"; };
		0AABDAB6288919BC0058D143 /* Episode.swift */ = {isa = PBXFileReference; lastKnownFileType = sourcecode.swift; path = Episode.swift; sourceTree = "<group>"; };
		0AABDAB828892B220058D143 /* MovieDetail.swift */ = {isa = PBXFileReference; lastKnownFileType = sourcecode.swift; path = MovieDetail.swift; sourceTree = "<group>"; };
		0AB7CED92898059C00B2FEF2 /* Trailer.swift */ = {isa = PBXFileReference; lastKnownFileType = sourcecode.swift; path = Trailer.swift; sourceTree = "<group>"; };
		0AB7CEDB289805F000B2FEF2 /* SwiftUIVideoView.swift */ = {isa = PBXFileReference; lastKnownFileType = sourcecode.swift; path = SwiftUIVideoView.swift; sourceTree = "<group>"; };
		0AB7CEDE289808DC00B2FEF2 /* VideoPreivewImage.swift */ = {isa = PBXFileReference; lastKnownFileType = sourcecode.swift; path = VideoPreivewImage.swift; sourceTree = "<group>"; };
		0AB7CEE228980D9F00B2FEF2 /* TrailerList.swift */ = {isa = PBXFileReference; lastKnownFileType = sourcecode.swift; path = TrailerList.swift; sourceTree = "<group>"; };
/* End PBXFileReference section */

/* Begin PBXFrameworksBuildPhase section */
		0A54536328855A6700404182 /* Frameworks */ = {
			isa = PBXFrameworksBuildPhase;
			buildActionMask = 2147483647;
			files = (
				0A54537C28855DE800404182 /* Kingfisher in Frameworks */,
			);
			runOnlyForDeploymentPostprocessing = 0;
		};
/* End PBXFrameworksBuildPhase section */

/* Begin PBXGroup section */
		0A4C7491288AE3A50012FC73 /* MovieDetail */ = {
			isa = PBXGroup;
			children = (
				0AABDAB828892B220058D143 /* MovieDetail.swift */,
				0A4C748F288A7D6E0012FC73 /* CustomTabSwitcher.swift */,
				0A4C7492288AE4800012FC73 /* MoreLikeThis.swift */,
				0AB7CEE228980D9F00B2FEF2 /* TrailerList.swift */,
			);
			path = MovieDetail;
			sourceTree = "<group>";
		};
		0A54535D28855A6700404182 = {
			isa = PBXGroup;
			children = (
				0A54536828855A6700404182 /* Netflix-clone */,
				0A54536728855A6700404182 /* Products */,
			);
			sourceTree = "<group>";
		};
		0A54536728855A6700404182 /* Products */ = {
			isa = PBXGroup;
			children = (
				0A54536628855A6700404182 /* Netflix-clone.app */,
			);
			name = Products;
			sourceTree = "<group>";
		};
		0A54536828855A6700404182 /* Netflix-clone */ = {
			isa = PBXGroup;
			children = (
				0A8897E12888634E008B7BC1 /* Shared */,
				0A8897DD288862D2008B7BC1 /* HomeViews */,
				0A8897DE288862DE008B7BC1 /* HelperViews */,
				0A8897DF288862EA008B7BC1 /* Model */,
				0AB7CEDD289808AC00B2FEF2 /* VideoPlayer */,
				0A8897E0288862F1008B7BC1 /* Helpers */,
				0A4C7491288AE3A50012FC73 /* MovieDetail */,
				0A54536F28855A6800404182 /* Preview Content */,
			);
			path = "Netflix-clone";
			sourceTree = "<group>";
		};
		0A54536F28855A6800404182 /* Preview Content */ = {
			isa = PBXGroup;
			children = (
				0A54537028855A6800404182 /* Preview Assets.xcassets */,
			);
			path = "Preview Content";
			sourceTree = "<group>";
		};
		0A8897DD288862D2008B7BC1 /* HomeViews */ = {
			isa = PBXGroup;
			children = (
				0A54537828855AF200404182 /* HomeView.swift */,
				0A0298CD28863AA000C1D600 /* HomeVM.swift */,
			);
			path = HomeViews;
			sourceTree = "<group>";
		};
		0A8897DE288862DE008B7BC1 /* HelperViews */ = {
			isa = PBXGroup;
			children = (
				0A7B83012887E2AA001C7285 /* TopMoviePreview.swift */,
				0A7B83052887F7C0001C7285 /* PlayButton.swift */,
				0A7B83032887EC7B001C7285 /* SmallVerticalButton.swift */,
				0A54537F28858B0B00404182 /* StandardHomeMovie.swift */,
			);
			path = HelperViews;
			sourceTree = "<group>";
		};
		0A8897DF288862EA008B7BC1 /* Model */ = {
			isa = PBXGroup;
			children = (
				0A54537D28858AB500404182 /* Movie.swift */,
				0AABDAB6288919BC0058D143 /* Episode.swift */,
				0AB7CED92898059C00B2FEF2 /* Trailer.swift */,
			);
			path = Model;
			sourceTree = "<group>";
		};
		0A8897E0288862F1008B7BC1 /* Helpers */ = {
			isa = PBXGroup;
			children = (
				0A54538128858BA600404182 /* GlobalHelpers.swift */,
			);
			path = Helpers;
			sourceTree = "<group>";
		};
		0A8897E12888634E008B7BC1 /* Shared */ = {
			isa = PBXGroup;
			children = (
				0A54536928855A6700404182 /* Netflix_cloneApp.swift */,
				0A54536B28855A6700404182 /* ContentView.swift */,
				0A54536D28855A6800404182 /* Assets.xcassets */,
			);
			path = Shared;
			sourceTree = "<group>";
		};
		0AB7CEDD289808AC00B2FEF2 /* VideoPlayer */ = {
			isa = PBXGroup;
			children = (
				0AB7CEDB289805F000B2FEF2 /* SwiftUIVideoView.swift */,
				0AB7CEDE289808DC00B2FEF2 /* VideoPreivewImage.swift */,
			);
			path = VideoPlayer;
			sourceTree = "<group>";
		};
/* End PBXGroup section */

/* Begin PBXNativeTarget section */
		0A54536528855A6700404182 /* Netflix-clone */ = {
			isa = PBXNativeTarget;
			buildConfigurationList = 0A54537428855A6800404182 /* Build configuration list for PBXNativeTarget "Netflix-clone" */;
			buildPhases = (
				0A54536228855A6700404182 /* Sources */,
				0A54536328855A6700404182 /* Frameworks */,
				0A54536428855A6700404182 /* Resources */,
			);
			buildRules = (
			);
			dependencies = (
			);
			name = "Netflix-clone";
			packageProductDependencies = (
				0A54537B28855DE800404182 /* Kingfisher */,
			);
			productName = "Netflix-clone";
			productReference = 0A54536628855A6700404182 /* Netflix-clone.app */;
			productType = "com.apple.product-type.application";
		};
/* End PBXNativeTarget section */

/* Begin PBXProject section */
		0A54535E28855A6700404182 /* Project object */ = {
			isa = PBXProject;
			attributes = {
				BuildIndependentTargetsInParallel = 1;
				LastSwiftUpdateCheck = 1340;
				LastUpgradeCheck = 1340;
				TargetAttributes = {
					0A54536528855A6700404182 = {
						CreatedOnToolsVersion = 13.4;
					};
				};
			};
			buildConfigurationList = 0A54536128855A6700404182 /* Build configuration list for PBXProject "Netflix-clone" */;
			compatibilityVersion = "Xcode 13.0";
			developmentRegion = en;
			hasScannedForEncodings = 0;
			knownRegions = (
				en,
				Base,
			);
			mainGroup = 0A54535D28855A6700404182;
			packageReferences = (
				0A54537A28855DE800404182 /* XCRemoteSwiftPackageReference "Kingfisher" */,
			);
			productRefGroup = 0A54536728855A6700404182 /* Products */;
			projectDirPath = "";
			projectRoot = "";
			targets = (
				0A54536528855A6700404182 /* Netflix-clone */,
			);
		};
/* End PBXProject section */

/* Begin PBXResourcesBuildPhase section */
		0A54536428855A6700404182 /* Resources */ = {
			isa = PBXResourcesBuildPhase;
			buildActionMask = 2147483647;
			files = (
				0A54537128855A6800404182 /* Preview Assets.xcassets in Resources */,
				0A54536E28855A6800404182 /* Assets.xcassets in Resources */,
			);
			runOnlyForDeploymentPostprocessing = 0;
		};
/* End PBXResourcesBuildPhase section */

/* Begin PBXSourcesBuildPhase section */
		0A54536228855A6700404182 /* Sources */ = {
			isa = PBXSourcesBuildPhase;
			buildActionMask = 2147483647;
			files = (
				0A54538228858BA600404182 /* GlobalHelpers.swift in Sources */,
				0AB7CEDA2898059C00B2FEF2 /* Trailer.swift in Sources */,
				0AABDAB7288919BC0058D143 /* Episode.swift in Sources */,
				0A54537928855AF200404182 /* HomeView.swift in Sources */,
				0A0298CE28863AA000C1D600 /* HomeVM.swift in Sources */,
				0A54536C28855A6700404182 /* ContentView.swift in Sources */,
				0A54538028858B0B00404182 /* StandardHomeMovie.swift in Sources */,
				0A7B83022887E2AA001C7285 /* TopMoviePreview.swift in Sources */,
				0A54537E28858AB500404182 /* Movie.swift in Sources */,
				0AABDAB928892B220058D143 /* MovieDetail.swift in Sources */,
				0A4C7493288AE4800012FC73 /* MoreLikeThis.swift in Sources */,
				0A4C7490288A7D6E0012FC73 /* CustomTabSwitcher.swift in Sources */,
				0A54536A28855A6700404182 /* Netflix_cloneApp.swift in Sources */,
				0AB7CEE328980D9F00B2FEF2 /* TrailerList.swift in Sources */,
				0AB7CEDF289808DC00B2FEF2 /* VideoPreivewImage.swift in Sources */,
				0A7B83042887EC7B001C7285 /* SmallVerticalButton.swift in Sources */,
				0AB7CEDC289805F000B2FEF2 /* SwiftUIVideoView.swift in Sources */,
				0A7B83062887F7C0001C7285 /* PlayButton.swift in Sources */,
			);
			runOnlyForDeploymentPostprocessing = 0;
		};
/* End PBXSourcesBuildPhase section */

/* Begin XCBuildConfiguration section */
		0A54537228855A6800404182 /* Debug */ = {
			isa = XCBuildConfiguration;
			buildSettings = {
				ALWAYS_SEARCH_USER_PATHS = NO;
				CLANG_ANALYZER_NONNULL = YES;
				CLANG_ANALYZER_NUMBER_OBJECT_CONVERSION = YES_AGGRESSIVE;
				CLANG_CXX_LANGUAGE_STANDARD = "gnu++17";
				CLANG_ENABLE_MODULES = YES;
				CLANG_ENABLE_OBJC_ARC = YES;
				CLANG_ENABLE_OBJC_WEAK = YES;
				CLANG_WARN_BLOCK_CAPTURE_AUTORELEASING = YES;
				CLANG_WARN_BOOL_CONVERSION = YES;
				CLANG_WARN_COMMA = YES;
				CLANG_WARN_CONSTANT_CONVERSION = YES;
				CLANG_WARN_DEPRECATED_OBJC_IMPLEMENTATIONS = YES;
				CLANG_WARN_DIRECT_OBJC_ISA_USAGE = YES_ERROR;
				CLANG_WARN_DOCUMENTATION_COMMENTS = YES;
				CLANG_WARN_EMPTY_BODY = YES;
				CLANG_WARN_ENUM_CONVERSION = YES;
				CLANG_WARN_INFINITE_RECURSION = YES;
				CLANG_WARN_INT_CONVERSION = YES;
				CLANG_WARN_NON_LITERAL_NULL_CONVERSION = YES;
				CLANG_WARN_OBJC_IMPLICIT_RETAIN_SELF = YES;
				CLANG_WARN_OBJC_LITERAL_CONVERSION = YES;
				CLANG_WARN_OBJC_ROOT_CLASS = YES_ERROR;
				CLANG_WARN_QUOTED_INCLUDE_IN_FRAMEWORK_HEADER = YES;
				CLANG_WARN_RANGE_LOOP_ANALYSIS = YES;
				CLANG_WARN_STRICT_PROTOTYPES = YES;
				CLANG_WARN_SUSPICIOUS_MOVE = YES;
				CLANG_WARN_UNGUARDED_AVAILABILITY = YES_AGGRESSIVE;
				CLANG_WARN_UNREACHABLE_CODE = YES;
				CLANG_WARN__DUPLICATE_METHOD_MATCH = YES;
				COPY_PHASE_STRIP = NO;
				DEBUG_INFORMATION_FORMAT = dwarf;
				ENABLE_STRICT_OBJC_MSGSEND = YES;
				ENABLE_TESTABILITY = YES;
				GCC_C_LANGUAGE_STANDARD = gnu11;
				GCC_DYNAMIC_NO_PIC = NO;
				GCC_NO_COMMON_BLOCKS = YES;
				GCC_OPTIMIZATION_LEVEL = 0;
				GCC_PREPROCESSOR_DEFINITIONS = (
					"DEBUG=1",
					"$(inherited)",
				);
				GCC_WARN_64_TO_32_BIT_CONVERSION = YES;
				GCC_WARN_ABOUT_RETURN_TYPE = YES_ERROR;
				GCC_WARN_UNDECLARED_SELECTOR = YES;
				GCC_WARN_UNINITIALIZED_AUTOS = YES_AGGRESSIVE;
				GCC_WARN_UNUSED_FUNCTION = YES;
				GCC_WARN_UNUSED_VARIABLE = YES;
				IPHONEOS_DEPLOYMENT_TARGET = 15.5;
				MTL_ENABLE_DEBUG_INFO = INCLUDE_SOURCE;
				MTL_FAST_MATH = YES;
				ONLY_ACTIVE_ARCH = YES;
				SDKROOT = iphoneos;
				SWIFT_ACTIVE_COMPILATION_CONDITIONS = DEBUG;
				SWIFT_OPTIMIZATION_LEVEL = "-Onone";
			};
			name = Debug;
		};
		0A54537328855A6800404182 /* Release */ = {
			isa = XCBuildConfiguration;
			buildSettings = {
				ALWAYS_SEARCH_USER_PATHS = NO;
				CLANG_ANALYZER_NONNULL = YES;
				CLANG_ANALYZER_NUMBER_OBJECT_CONVERSION = YES_AGGRESSIVE;
				CLANG_CXX_LANGUAGE_STANDARD = "gnu++17";
				CLANG_ENABLE_MODULES = YES;
				CLANG_ENABLE_OBJC_ARC = YES;
				CLANG_ENABLE_OBJC_WEAK = YES;
				CLANG_WARN_BLOCK_CAPTURE_AUTORELEASING = YES;
				CLANG_WARN_BOOL_CONVERSION = YES;
				CLANG_WARN_COMMA = YES;
				CLANG_WARN_CONSTANT_CONVERSION = YES;
				CLANG_WARN_DEPRECATED_OBJC_IMPLEMENTATIONS = YES;
				CLANG_WARN_DIRECT_OBJC_ISA_USAGE = YES_ERROR;
				CLANG_WARN_DOCUMENTATION_COMMENTS = YES;
				CLANG_WARN_EMPTY_BODY = YES;
				CLANG_WARN_ENUM_CONVERSION = YES;
				CLANG_WARN_INFINITE_RECURSION = YES;
				CLANG_WARN_INT_CONVERSION = YES;
				CLANG_WARN_NON_LITERAL_NULL_CONVERSION = YES;
				CLANG_WARN_OBJC_IMPLICIT_RETAIN_SELF = YES;
				CLANG_WARN_OBJC_LITERAL_CONVERSION = YES;
				CLANG_WARN_OBJC_ROOT_CLASS = YES_ERROR;
				CLANG_WARN_QUOTED_INCLUDE_IN_FRAMEWORK_HEADER = YES;
				CLANG_WARN_RANGE_LOOP_ANALYSIS = YES;
				CLANG_WARN_STRICT_PROTOTYPES = YES;
				CLANG_WARN_SUSPICIOUS_MOVE = YES;
				CLANG_WARN_UNGUARDED_AVAILABILITY = YES_AGGRESSIVE;
				CLANG_WARN_UNREACHABLE_CODE = YES;
				CLANG_WARN__DUPLICATE_METHOD_MATCH = YES;
				COPY_PHASE_STRIP = NO;
				DEBUG_INFORMATION_FORMAT = "dwarf-with-dsym";
				ENABLE_NS_ASSERTIONS = NO;
				ENABLE_STRICT_OBJC_MSGSEND = YES;
				GCC_C_LANGUAGE_STANDARD = gnu11;
				GCC_NO_COMMON_BLOCKS = YES;
				GCC_WARN_64_TO_32_BIT_CONVERSION = YES;
				GCC_WARN_ABOUT_RETURN_TYPE = YES_ERROR;
				GCC_WARN_UNDECLARED_SELECTOR = YES;
				GCC_WARN_UNINITIALIZED_AUTOS = YES_AGGRESSIVE;
				GCC_WARN_UNUSED_FUNCTION = YES;
				GCC_WARN_UNUSED_VARIABLE = YES;
				IPHONEOS_DEPLOYMENT_TARGET = 15.5;
				MTL_ENABLE_DEBUG_INFO = NO;
				MTL_FAST_MATH = YES;
				SDKROOT = iphoneos;
				SWIFT_COMPILATION_MODE = wholemodule;
				SWIFT_OPTIMIZATION_LEVEL = "-O";
				VALIDATE_PRODUCT = YES;
			};
			name = Release;
		};
		0A54537528855A6800404182 /* Debug */ = {
			isa = XCBuildConfiguration;
			buildSettings = {
				ASSETCATALOG_COMPILER_APPICON_NAME = AppIcon;
				ASSETCATALOG_COMPILER_GLOBAL_ACCENT_COLOR_NAME = AccentColor;
				CODE_SIGN_STYLE = Automatic;
				CURRENT_PROJECT_VERSION = 1;
				DEVELOPMENT_ASSET_PATHS = "\"Netflix-clone/Preview Content\"";
				DEVELOPMENT_TEAM = XGHDQG66U5;
				ENABLE_PREVIEWS = YES;
				GENERATE_INFOPLIST_FILE = YES;
				INFOPLIST_KEY_UIApplicationSceneManifest_Generation = YES;
				INFOPLIST_KEY_UIApplicationSupportsIndirectInputEvents = YES;
				INFOPLIST_KEY_UILaunchScreen_Generation = YES;
				INFOPLIST_KEY_UISupportedInterfaceOrientations_iPad = "UIInterfaceOrientationPortrait UIInterfaceOrientationPortraitUpsideDown UIInterfaceOrientationLandscapeLeft UIInterfaceOrientationLandscapeRight";
				INFOPLIST_KEY_UISupportedInterfaceOrientations_iPhone = "UIInterfaceOrientationPortrait UIInterfaceOrientationLandscapeLeft UIInterfaceOrientationLandscapeRight";
				LD_RUNPATH_SEARCH_PATHS = (
					"$(inherited)",
					"@executable_path/Frameworks",
				);
				MARKETING_VERSION = 1.0;
				PRODUCT_BUNDLE_IDENTIFIER = "com.yings.Netflix-clone";
				PRODUCT_NAME = "$(TARGET_NAME)";
				SWIFT_EMIT_LOC_STRINGS = YES;
				SWIFT_VERSION = 5.0;
				TARGETED_DEVICE_FAMILY = "1,2";
			};
			name = Debug;
		};
		0A54537628855A6800404182 /* Release */ = {
			isa = XCBuildConfiguration;
			buildSettings = {
				ASSETCATALOG_COMPILER_APPICON_NAME = AppIcon;
				ASSETCATALOG_COMPILER_GLOBAL_ACCENT_COLOR_NAME = AccentColor;
				CODE_SIGN_STYLE = Automatic;
				CURRENT_PROJECT_VERSION = 1;
				DEVELOPMENT_ASSET_PATHS = "\"Netflix-clone/Preview Content\"";
				DEVELOPMENT_TEAM = XGHDQG66U5;
				ENABLE_PREVIEWS = YES;
				GENERATE_INFOPLIST_FILE = YES;
				INFOPLIST_KEY_UIApplicationSceneManifest_Generation = YES;
				INFOPLIST_KEY_UIApplicationSupportsIndirectInputEvents = YES;
				INFOPLIST_KEY_UILaunchScreen_Generation = YES;
				INFOPLIST_KEY_UISupportedInterfaceOrientations_iPad = "UIInterfaceOrientationPortrait UIInterfaceOrientationPortraitUpsideDown UIInterfaceOrientationLandscapeLeft UIInterfaceOrientationLandscapeRight";
				INFOPLIST_KEY_UISupportedInterfaceOrientations_iPhone = "UIInterfaceOrientationPortrait UIInterfaceOrientationLandscapeLeft UIInterfaceOrientationLandscapeRight";
				LD_RUNPATH_SEARCH_PATHS = (
					"$(inherited)",
					"@executable_path/Frameworks",
				);
				MARKETING_VERSION = 1.0;
				PRODUCT_BUNDLE_IDENTIFIER = "com.yings.Netflix-clone";
				PRODUCT_NAME = "$(TARGET_NAME)";
				SWIFT_EMIT_LOC_STRINGS = YES;
				SWIFT_VERSION = 5.0;
				TARGETED_DEVICE_FAMILY = "1,2";
			};
			name = Release;
		};
/* End XCBuildConfiguration section */

/* Begin XCConfigurationList section */
		0A54536128855A6700404182 /* Build configuration list for PBXProject "Netflix-clone" */ = {
			isa = XCConfigurationList;
			buildConfigurations = (
				0A54537228855A6800404182 /* Debug */,
				0A54537328855A6800404182 /* Release */,
			);
			defaultConfigurationIsVisible = 0;
			defaultConfigurationName = Release;
		};
		0A54537428855A6800404182 /* Build configuration list for PBXNativeTarget "Netflix-clone" */ = {
			isa = XCConfigurationList;
			buildConfigurations = (
				0A54537528855A6800404182 /* Debug */,
				0A54537628855A6800404182 /* Release */,
			);
			defaultConfigurationIsVisible = 0;
			defaultConfigurationName = Release;
		};
/* End XCConfigurationList section */

/* Begin XCRemoteSwiftPackageReference section */
		0A54537A28855DE800404182 /* XCRemoteSwiftPackageReference "Kingfisher" */ = {
			isa = XCRemoteSwiftPackageReference;
			repositoryURL = "https://github.com/onevcat/Kingfisher";
			requirement = {
				kind = upToNextMajorVersion;
				minimumVersion = 7.0.0;
			};
		};
/* End XCRemoteSwiftPackageReference section */

/* Begin XCSwiftPackageProductDependency section */
		0A54537B28855DE800404182 /* Kingfisher */ = {
			isa = XCSwiftPackageProductDependency;
			package = 0A54537A28855DE800404182 /* XCRemoteSwiftPackageReference "Kingfisher" */;
			productName = Kingfisher;
		};
/* End XCSwiftPackageProductDependency section */
	};
	rootObject = 0A54535E28855A6700404182 /* Project object */;
}
